// !$*UTF8*$!
{
	archiveVersion = 1;
	classes = {
	};
	objectVersion = 50;
	objects = {

/* Begin PBXBuildFile section */
		B651B34F24260634008440A6 /* AppDelegate.swift in Sources */ = {isa = PBXBuildFile; fileRef = B651B34E24260634008440A6 /* AppDelegate.swift */; };
		B651B35124260634008440A6 /* SceneDelegate.swift in Sources */ = {isa = PBXBuildFile; fileRef = B651B35024260634008440A6 /* SceneDelegate.swift */; };
		B651B35324260634008440A6 /* ViewController.swift in Sources */ = {isa = PBXBuildFile; fileRef = B651B35224260634008440A6 /* ViewController.swift */; };
		B651B35624260634008440A6 /* Main.storyboard in Resources */ = {isa = PBXBuildFile; fileRef = B651B35424260634008440A6 /* Main.storyboard */; };
		B651B35824260636008440A6 /* Assets.xcassets in Resources */ = {isa = PBXBuildFile; fileRef = B651B35724260636008440A6 /* Assets.xcassets */; };
		B651B35B24260636008440A6 /* LaunchScreen.storyboard in Resources */ = {isa = PBXBuildFile; fileRef = B651B35924260636008440A6 /* LaunchScreen.storyboard */; };
		B651B36624260636008440A6 /* PingerTests.swift in Sources */ = {isa = PBXBuildFile; fileRef = B651B36524260636008440A6 /* PingerTests.swift */; };
/* End PBXBuildFile section */

/* Begin PBXContainerItemProxy section */
		B651B36224260636008440A6 /* PBXContainerItemProxy */ = {
			isa = PBXContainerItemProxy;
			containerPortal = B651B34324260634008440A6 /* Project object */;
			proxyType = 1;
			remoteGlobalIDString = B651B34A24260634008440A6;
			remoteInfo = Pinger;
		};
/* End PBXContainerItemProxy section */

/* Begin PBXFileReference section */
		B651B34B24260634008440A6 /* Pinger.app */ = {isa = PBXFileReference; explicitFileType = wrapper.application; includeInIndex = 0; path = Pinger.app; sourceTree = BUILT_PRODUCTS_DIR; };
		B651B34E24260634008440A6 /* AppDelegate.swift */ = {isa = PBXFileReference; lastKnownFileType = sourcecode.swift; path = AppDelegate.swift; sourceTree = "<group>"; };
		B651B35024260634008440A6 /* SceneDelegate.swift */ = {isa = PBXFileReference; lastKnownFileType = sourcecode.swift; path = SceneDelegate.swift; sourceTree = "<group>"; };
		B651B35224260634008440A6 /* ViewController.swift */ = {isa = PBXFileReference; lastKnownFileType = sourcecode.swift; path = ViewController.swift; sourceTree = "<group>"; };
		B651B35524260634008440A6 /* Base */ = {isa = PBXFileReference; lastKnownFileType = file.storyboard; name = Base; path = Base.lproj/Main.storyboard; sourceTree = "<group>"; };
		B651B35724260636008440A6 /* Assets.xcassets */ = {isa = PBXFileReference; lastKnownFileType = folder.assetcatalog; path = Assets.xcassets; sourceTree = "<group>"; };
		B651B35A24260636008440A6 /* Base */ = {isa = PBXFileReference; lastKnownFileType = file.storyboard; name = Base; path = Base.lproj/LaunchScreen.storyboard; sourceTree = "<group>"; };
		B651B35C24260636008440A6 /* Info.plist */ = {isa = PBXFileReference; lastKnownFileType = text.plist.xml; path = Info.plist; sourceTree = "<group>"; };
		B651B36124260636008440A6 /* PingerTests.xctest */ = {isa = PBXFileReference; explicitFileType = wrapper.cfbundle; includeInIndex = 0; path = PingerTests.xctest; sourceTree = BUILT_PRODUCTS_DIR; };
		B651B36524260636008440A6 /* PingerTests.swift */ = {isa = PBXFileReference; lastKnownFileType = sourcecode.swift; path = PingerTests.swift; sourceTree = "<group>"; };
		B651B36724260636008440A6 /* Info.plist */ = {isa = PBXFileReference; lastKnownFileType = text.plist.xml; path = Info.plist; sourceTree = "<group>"; };
/* End PBXFileReference section */

/* Begin PBXFrameworksBuildPhase section */
		B651B34824260634008440A6 /* Frameworks */ = {
			isa = PBXFrameworksBuildPhase;
			buildActionMask = 2147483647;
			files = (
			);
			runOnlyForDeploymentPostprocessing = 0;
		};
		B651B35E24260636008440A6 /* Frameworks */ = {
			isa = PBXFrameworksBuildPhase;
			buildActionMask = 2147483647;
			files = (
			);
			runOnlyForDeploymentPostprocessing = 0;
		};
/* End PBXFrameworksBuildPhase section */

/* Begin PBXGroup section */
		B651B34224260634008440A6 = {
			isa = PBXGroup;
			children = (
				B651B34D24260634008440A6 /* Pinger */,
				B651B36424260636008440A6 /* PingerTests */,
				B651B34C24260634008440A6 /* Products */,
			);
			sourceTree = "<group>";
		};
		B651B34C24260634008440A6 /* Products */ = {
			isa = PBXGroup;
			children = (
				B651B34B24260634008440A6 /* Pinger.app */,
				B651B36124260636008440A6 /* PingerTests.xctest */,
			);
			name = Products;
			sourceTree = "<group>";
		};
		B651B34D24260634008440A6 /* Pinger */ = {
			isa = PBXGroup;
			children = (
				B651B34E24260634008440A6 /* AppDelegate.swift */,
				B651B35024260634008440A6 /* SceneDelegate.swift */,
				B651B35224260634008440A6 /* ViewController.swift */,
				B651B35424260634008440A6 /* Main.storyboard */,
				B651B35724260636008440A6 /* Assets.xcassets */,
				B651B35924260636008440A6 /* LaunchScreen.storyboard */,
				B651B35C24260636008440A6 /* Info.plist */,
			);
			path = Pinger;
			sourceTree = "<group>";
		};
		B651B36424260636008440A6 /* PingerTests */ = {
			isa = PBXGroup;
			children = (
				B651B36524260636008440A6 /* PingerTests.swift */,
				B651B36724260636008440A6 /* Info.plist */,
			);
			path = PingerTests;
			sourceTree = "<group>";
		};
/* End PBXGroup section */

/* Begin PBXNativeTarget section */
		B651B34A24260634008440A6 /* Pinger */ = {
			isa = PBXNativeTarget;
			buildConfigurationList = B651B36A24260636008440A6 /* Build configuration list for PBXNativeTarget "Pinger" */;
			buildPhases = (
				B651B34724260634008440A6 /* Sources */,
				B651B34824260634008440A6 /* Frameworks */,
				B651B34924260634008440A6 /* Resources */,
			);
			buildRules = (
			);
			dependencies = (
			);
			name = Pinger;
			productName = Pinger;
			productReference = B651B34B24260634008440A6 /* Pinger.app */;
			productType = "com.apple.product-type.application";
		};
		B651B36024260636008440A6 /* PingerTests */ = {
			isa = PBXNativeTarget;
			buildConfigurationList = B651B36D24260636008440A6 /* Build configuration list for PBXNativeTarget "PingerTests" */;
			buildPhases = (
				B651B35D24260636008440A6 /* Sources */,
				B651B35E24260636008440A6 /* Frameworks */,
				B651B35F24260636008440A6 /* Resources */,
			);
			buildRules = (
			);
			dependencies = (
				B651B36324260636008440A6 /* PBXTargetDependency */,
			);
			name = PingerTests;
			productName = PingerTests;
			productReference = B651B36124260636008440A6 /* PingerTests.xctest */;
			productType = "com.apple.product-type.bundle.unit-test";
		};
/* End PBXNativeTarget section */

/* Begin PBXProject section */
		B651B34324260634008440A6 /* Project object */ = {
			isa = PBXProject;
			attributes = {
				LastSwiftUpdateCheck = 1130;
				LastUpgradeCheck = 1130;
				ORGANIZATIONNAME = "Reza Bina";
				TargetAttributes = {
					B651B34A24260634008440A6 = {
						CreatedOnToolsVersion = 11.3.1;
					};
					B651B36024260636008440A6 = {
						CreatedOnToolsVersion = 11.3.1;
						TestTargetID = B651B34A24260634008440A6;
					};
				};
			};
			buildConfigurationList = B651B34624260634008440A6 /* Build configuration list for PBXProject "Pinger" */;
			compatibilityVersion = "Xcode 9.3";
			developmentRegion = en;
			hasScannedForEncodings = 0;
			knownRegions = (
				en,
				Base,
			);
			mainGroup = B651B34224260634008440A6;
			productRefGroup = B651B34C24260634008440A6 /* Products */;
			projectDirPath = "";
			projectRoot = "";
			targets = (
				B651B34A24260634008440A6 /* Pinger */,
				B651B36024260636008440A6 /* PingerTests */,
			);
		};
/* End PBXProject section */

/* Begin PBXResourcesBuildPhase section */
		B651B34924260634008440A6 /* Resources */ = {
			isa = PBXResourcesBuildPhase;
			buildActionMask = 2147483647;
			files = (
				B651B35B24260636008440A6 /* LaunchScreen.storyboard in Resources */,
				B651B35824260636008440A6 /* Assets.xcassets in Resources */,
				B651B35624260634008440A6 /* Main.storyboard in Resources */,
			);
			runOnlyForDeploymentPostprocessing = 0;
		};
		B651B35F24260636008440A6 /* Resources */ = {
			isa = PBXResourcesBuildPhase;
			buildActionMask = 2147483647;
			files = (
			);
			runOnlyForDeploymentPostprocessing = 0;
		};
/* End PBXResourcesBuildPhase section */

/* Begin PBXSourcesBuildPhase section */
		B651B34724260634008440A6 /* Sources */ = {
			isa = PBXSourcesBuildPhase;
			buildActionMask = 2147483647;
			files = (
				B651B35324260634008440A6 /* ViewController.swift in Sources */,
				B651B34F24260634008440A6 /* AppDelegate.swift in Sources */,
				B651B35124260634008440A6 /* SceneDelegate.swift in Sources */,
			);
			runOnlyForDeploymentPostprocessing = 0;
		};
		B651B35D24260636008440A6 /* Sources */ = {
			isa = PBXSourcesBuildPhase;
			buildActionMask = 2147483647;
			files = (
				B651B36624260636008440A6 /* PingerTests.swift in Sources */,
			);
			runOnlyForDeploymentPostprocessing = 0;
		};
/* End PBXSourcesBuildPhase section */

/* Begin PBXTargetDependency section */
		B651B36324260636008440A6 /* PBXTargetDependency */ = {
			isa = PBXTargetDependency;
			target = B651B34A24260634008440A6 /* Pinger */;
			targetProxy = B651B36224260636008440A6 /* PBXContainerItemProxy */;
		};
/* End PBXTargetDependency section */

/* Begin PBXVariantGroup section */
		B651B35424260634008440A6 /* Main.storyboard */ = {
			isa = PBXVariantGroup;
			children = (
				B651B35524260634008440A6 /* Base */,
			);
			name = Main.storyboard;
			sourceTree = "<group>";
		};
		B651B35924260636008440A6 /* LaunchScreen.storyboard */ = {
			isa = PBXVariantGroup;
			children = (
				B651B35A24260636008440A6 /* Base */,
			);
			name = LaunchScreen.storyboard;
			sourceTree = "<group>";
		};
/* End PBXVariantGroup section */

/* Begin XCBuildConfiguration section */
		B651B36824260636008440A6 /* Debug */ = {
			isa = XCBuildConfiguration;
			buildSettings = {
				ALWAYS_SEARCH_USER_PATHS = NO;
				CLANG_ANALYZER_NONNULL = YES;
				CLANG_ANALYZER_NUMBER_OBJECT_CONVERSION = YES_AGGRESSIVE;
				CLANG_CXX_LANGUAGE_STANDARD = "gnu++14";
				CLANG_CXX_LIBRARY = "libc++";
				CLANG_ENABLE_MODULES = YES;
				CLANG_ENABLE_OBJC_ARC = YES;
				CLANG_ENABLE_OBJC_WEAK = YES;
				CLANG_WARN_BLOCK_CAPTURE_AUTORELEASING = YES;
				CLANG_WARN_BOOL_CONVERSION = YES;
				CLANG_WARN_COMMA = YES;
				CLANG_WARN_CONSTANT_CONVERSION = YES;
				CLANG_WARN_DEPRECATED_OBJC_IMPLEMENTATIONS = YES;
				CLANG_WARN_DIRECT_OBJC_ISA_USAGE = YES_ERROR;
				CLANG_WARN_DOCUMENTATION_COMMENTS = YES;
				CLANG_WARN_EMPTY_BODY = YES;
				CLANG_WARN_ENUM_CONVERSION = YES;
				CLANG_WARN_INFINITE_RECURSION = YES;
				CLANG_WARN_INT_CONVERSION = YES;
				CLANG_WARN_NON_LITERAL_NULL_CONVERSION = YES;
				CLANG_WARN_OBJC_IMPLICIT_RETAIN_SELF = YES;
				CLANG_WARN_OBJC_LITERAL_CONVERSION = YES;
				CLANG_WARN_OBJC_ROOT_CLASS = YES_ERROR;
				CLANG_WARN_RANGE_LOOP_ANALYSIS = YES;
				CLANG_WARN_STRICT_PROTOTYPES = YES;
				CLANG_WARN_SUSPICIOUS_MOVE = YES;
				CLANG_WARN_UNGUARDED_AVAILABILITY = YES_AGGRESSIVE;
				CLANG_WARN_UNREACHABLE_CODE = YES;
				CLANG_WARN__DUPLICATE_METHOD_MATCH = YES;
				COPY_PHASE_STRIP = NO;
				DEBUG_INFORMATION_FORMAT = dwarf;
				ENABLE_STRICT_OBJC_MSGSEND = YES;
				ENABLE_TESTABILITY = YES;
				GCC_C_LANGUAGE_STANDARD = gnu11;
				GCC_DYNAMIC_NO_PIC = NO;
				GCC_NO_COMMON_BLOCKS = YES;
				GCC_OPTIMIZATION_LEVEL = 0;
				GCC_PREPROCESSOR_DEFINITIONS = (
					"DEBUG=1",
					"$(inherited)",
				);
				GCC_WARN_64_TO_32_BIT_CONVERSION = YES;
				GCC_WARN_ABOUT_RETURN_TYPE = YES_ERROR;
				GCC_WARN_UNDECLARED_SELECTOR = YES;
				GCC_WARN_UNINITIALIZED_AUTOS = YES_AGGRESSIVE;
				GCC_WARN_UNUSED_FUNCTION = YES;
				GCC_WARN_UNUSED_VARIABLE = YES;
				IPHONEOS_DEPLOYMENT_TARGET = 13.2;
				MTL_ENABLE_DEBUG_INFO = INCLUDE_SOURCE;
				MTL_FAST_MATH = YES;
				ONLY_ACTIVE_ARCH = YES;
				SDKROOT = iphoneos;
				SWIFT_ACTIVE_COMPILATION_CONDITIONS = DEBUG;
				SWIFT_OPTIMIZATION_LEVEL = "-Onone";
			};
			name = Debug;
		};
		B651B36924260636008440A6 /* Release */ = {
			isa = XCBuildConfiguration;
			buildSettings = {
				ALWAYS_SEARCH_USER_PATHS = NO;
				CLANG_ANALYZER_NONNULL = YES;
				CLANG_ANALYZER_NUMBER_OBJECT_CONVERSION = YES_AGGRESSIVE;
				CLANG_CXX_LANGUAGE_STANDARD = "gnu++14";
				CLANG_CXX_LIBRARY = "libc++";
				CLANG_ENABLE_MODULES = YES;
				CLANG_ENABLE_OBJC_ARC = YES;
				CLANG_ENABLE_OBJC_WEAK = YES;
				CLANG_WARN_BLOCK_CAPTURE_AUTORELEASING = YES;
				CLANG_WARN_BOOL_CONVERSION = YES;
				CLANG_WARN_COMMA = YES;
				CLANG_WARN_CONSTANT_CONVERSION = YES;
				CLANG_WARN_DEPRECATED_OBJC_IMPLEMENTATIONS = YES;
				CLANG_WARN_DIRECT_OBJC_ISA_USAGE = YES_ERROR;
				CLANG_WARN_DOCUMENTATION_COMMENTS = YES;
				CLANG_WARN_EMPTY_BODY = YES;
				CLANG_WARN_ENUM_CONVERSION = YES;
				CLANG_WARN_INFINITE_RECURSION = YES;
				CLANG_WARN_INT_CONVERSION = YES;
				CLANG_WARN_NON_LITERAL_NULL_CONVERSION = YES;
				CLANG_WARN_OBJC_IMPLICIT_RETAIN_SELF = YES;
				CLANG_WARN_OBJC_LITERAL_CONVERSION = YES;
				CLANG_WARN_OBJC_ROOT_CLASS = YES_ERROR;
				CLANG_WARN_RANGE_LOOP_ANALYSIS = YES;
				CLANG_WARN_STRICT_PROTOTYPES = YES;
				CLANG_WARN_SUSPICIOUS_MOVE = YES;
				CLANG_WARN_UNGUARDED_AVAILABILITY = YES_AGGRESSIVE;
				CLANG_WARN_UNREACHABLE_CODE = YES;
				CLANG_WARN__DUPLICATE_METHOD_MATCH = YES;
				COPY_PHASE_STRIP = NO;
				DEBUG_INFORMATION_FORMAT = "dwarf-with-dsym";
				ENABLE_NS_ASSERTIONS = NO;
				ENABLE_STRICT_OBJC_MSGSEND = YES;
				GCC_C_LANGUAGE_STANDARD = gnu11;
				GCC_NO_COMMON_BLOCKS = YES;
				GCC_WARN_64_TO_32_BIT_CONVERSION = YES;
				GCC_WARN_ABOUT_RETURN_TYPE = YES_ERROR;
				GCC_WARN_UNDECLARED_SELECTOR = YES;
				GCC_WARN_UNINITIALIZED_AUTOS = YES_AGGRESSIVE;
				GCC_WARN_UNUSED_FUNCTION = YES;
				GCC_WARN_UNUSED_VARIABLE = YES;
				IPHONEOS_DEPLOYMENT_TARGET = 13.2;
				MTL_ENABLE_DEBUG_INFO = NO;
				MTL_FAST_MATH = YES;
				SDKROOT = iphoneos;
				SWIFT_COMPILATION_MODE = wholemodule;
				SWIFT_OPTIMIZATION_LEVEL = "-O";
				VALIDATE_PRODUCT = YES;
			};
			name = Release;
		};
		B651B36B24260636008440A6 /* Debug */ = {
			isa = XCBuildConfiguration;
			buildSettings = {
				ASSETCATALOG_COMPILER_APPICON_NAME = AppIcon;
				CODE_SIGN_STYLE = Automatic;
				DEVELOPMENT_TEAM = Z55ZH6XK8Y;
				INFOPLIST_FILE = Pinger/Info.plist;
				LD_RUNPATH_SEARCH_PATHS = (
					"$(inherited)",
					"@executable_path/Frameworks",
				);
				PRODUCT_BUNDLE_IDENTIFIER = com.ronaker.pinger.com.Pinger;
				PRODUCT_NAME = "$(TARGET_NAME)";
				SWIFT_VERSION = 5.0;
				TARGETED_DEVICE_FAMILY = "1,2";
			};
			name = Debug;
		};
		B651B36C24260636008440A6 /* Release */ = {
			isa = XCBuildConfiguration;
			buildSettings = {
				ASSETCATALOG_COMPILER_APPICON_NAME = AppIcon;
				CODE_SIGN_STYLE = Automatic;
				DEVELOPMENT_TEAM = Z55ZH6XK8Y;
				INFOPLIST_FILE = Pinger/Info.plist;
				LD_RUNPATH_SEARCH_PATHS = (
					"$(inherited)",
					"@executable_path/Frameworks",
				);
				PRODUCT_BUNDLE_IDENTIFIER = com.ronaker.pinger.com.Pinger;
				PRODUCT_NAME = "$(TARGET_NAME)";
				SWIFT_VERSION = 5.0;
				TARGETED_DEVICE_FAMILY = "1,2";
			};
			name = Release;
		};
		B651B36E24260636008440A6 /* Debug */ = {
			isa = XCBuildConfiguration;
			buildSettings = {
				ALWAYS_EMBED_SWIFT_STANDARD_LIBRARIES = YES;
				BUNDLE_LOADER = "$(TEST_HOST)";
				CODE_SIGN_STYLE = Automatic;
				DEVELOPMENT_TEAM = Z55ZH6XK8Y;
				INFOPLIST_FILE = PingerTests/Info.plist;
				IPHONEOS_DEPLOYMENT_TARGET = 13.2;
				LD_RUNPATH_SEARCH_PATHS = (
					"$(inherited)",
					"@executable_path/Frameworks",
					"@loader_path/Frameworks",
				);
				PRODUCT_BUNDLE_IDENTIFIER = com.ronaker.pinger.com.PingerTests;
				PRODUCT_NAME = "$(TARGET_NAME)";
				SWIFT_VERSION = 5.0;
				TARGETED_DEVICE_FAMILY = "1,2";
				TEST_HOST = "$(BUILT_PRODUCTS_DIR)/Pinger.app/Pinger";
			};
			name = Debug;
		};
		B651B36F24260636008440A6 /* Release */ = {
			isa = XCBuildConfiguration;
			buildSettings = {
				ALWAYS_EMBED_SWIFT_STANDARD_LIBRARIES = YES;
				BUNDLE_LOADER = "$(TEST_HOST)";
				CODE_SIGN_STYLE = Automatic;
				DEVELOPMENT_TEAM = Z55ZH6XK8Y;
				INFOPLIST_FILE = PingerTests/Info.plist;
				IPHONEOS_DEPLOYMENT_TARGET = 13.2;
				LD_RUNPATH_SEARCH_PATHS = (
					"$(inherited)",
					"@executable_path/Frameworks",
					"@loader_path/Frameworks",
				);
				PRODUCT_BUNDLE_IDENTIFIER = com.ronaker.pinger.com.PingerTests;
				PRODUCT_NAME = "$(TARGET_NAME)";
				SWIFT_VERSION = 5.0;
				TARGETED_DEVICE_FAMILY = "1,2";
				TEST_HOST = "$(BUILT_PRODUCTS_DIR)/Pinger.app/Pinger";
			};
			name = Release;
		};
/* End XCBuildConfiguration section */

/* Begin XCConfigurationList section */
		B651B34624260634008440A6 /* Build configuration list for PBXProject "Pinger" */ = {
			isa = XCConfigurationList;
			buildConfigurations = (
				B651B36824260636008440A6 /* Debug */,
				B651B36924260636008440A6 /* Release */,
			);
			defaultConfigurationIsVisible = 0;
			defaultConfigurationName = Release;
		};
		B651B36A24260636008440A6 /* Build configuration list for PBXNativeTarget "Pinger" */ = {
			isa = XCConfigurationList;
			buildConfigurations = (
				B651B36B24260636008440A6 /* Debug */,
				B651B36C24260636008440A6 /* Release */,
			);
			defaultConfigurationIsVisible = 0;
			defaultConfigurationName = Release;
		};
		B651B36D24260636008440A6 /* Build configuration list for PBXNativeTarget "PingerTests" */ = {
			isa = XCConfigurationList;
			buildConfigurations = (
				B651B36E24260636008440A6 /* Debug */,
				B651B36F24260636008440A6 /* Release */,
			);
			defaultConfigurationIsVisible = 0;
			defaultConfigurationName = Release;
		};
/* End XCConfigurationList section */
	};
	rootObject = B651B34324260634008440A6 /* Project object */;
}
